<Solution>
  <Project Path="Kata02_IEquatable_IComparable_Factory\Kata02_IEquatable_IComparable_Factory.csproj" />
  <Project Path="Kata03_Inheritance\Kata03_Inheritance.csproj" />
  <Project Path="Kata04_Immutability\Kata04_Immutability.csproj" />
  <Project Path="Kata05_Delegates_Lamda/Kata05_Delegates_Lamda.csproj" />
  <Project Path="Kata06_Events/Kata06_Events.csproj" />
</Solution>
